
Microsoft Visual Studio Solution File, Format Version 12.00
# Visual Studio Version 17
VisualStudioVersion = 17.6.33801.468
MinimumVisualStudioVersion = 10.0.40219.1
Project("{9A19103F-16F7-4668-BE54-9A1E7A4F7556}") = "WSP.DataAccess", "WebServiceBackend.DataAccess\WSP.DataAccess.csproj", "{CF2F667E-4A25-4C15-9420-7B98BE79118C}"
EndProject
Project("{9A19103F-16F7-4668-BE54-9A1E7A4F7556}") = "WSP.Business", "WebServiceBackend.Business\WSP.Business.csproj", "{128ACBEF-D2CD-4009-8245-0CA3A7E0AD15}"
EndProject
Project("{9A19103F-16F7-4668-BE54-9A1E7A4F7556}") = "WSP.WebAPI", "WebServiceBackend.WebAPI\WSP.WebAPI.csproj", "{7E7B0FF4-CCF3-4EAB-8134-F1D851608079}"
EndProject
Global
	GlobalSection(SolutionConfigurationPlatforms) = preSolution
		Debug|Any CPU = Debug|Any CPU
		Release|Any CPU = Release|Any CPU
	EndGlobalSection
	GlobalSection(ProjectConfigurationPlatforms) = postSolution
		{CF2F667E-4A25-4C15-9420-7B98BE79118C}.Debug|Any CPU.ActiveCfg = Debug|Any CPU
		{CF2F667E-4A25-4C15-9420-7B98BE79118C}.Debug|Any CPU.Build.0 = Debug|Any CPU
		{CF2F667E-4A25-4C15-9420-7B98BE79118C}.Release|Any CPU.ActiveCfg = Release|Any CPU
		{CF2F667E-4A25-4C15-9420-7B98BE79118C}.Release|Any CPU.Build.0 = Release|Any CPU
		{128ACBEF-D2CD-4009-8245-0CA3A7E0AD15}.Debug|Any CPU.ActiveCfg = Debug|Any CPU
		{128ACBEF-D2CD-4009-8245-0CA3A7E0AD15}.Debug|Any CPU.Build.0 = Debug|Any CPU
		{128ACBEF-D2CD-4009-8245-0CA3A7E0AD15}.Release|Any CPU.ActiveCfg = Release|Any CPU
		{128ACBEF-D2CD-4009-8245-0CA3A7E0AD15}.Release|Any CPU.Build.0 = Release|Any CPU
		{7E7B0FF4-CCF3-4EAB-8134-F1D851608079}.Debug|Any CPU.ActiveCfg = Debug|Any CPU
		{7E7B0FF4-CCF3-4EAB-8134-F1D851608079}.Debug|Any CPU.Build.0 = Debug|Any CPU
		{7E7B0FF4-CCF3-4EAB-8134-F1D851608079}.Release|Any CPU.ActiveCfg = Release|Any CPU
		{7E7B0FF4-CCF3-4EAB-8134-F1D851608079}.Release|Any CPU.Build.0 = Release|Any CPU
	EndGlobalSection
	GlobalSection(SolutionProperties) = preSolution
		HideSolutionNode = FALSE
	EndGlobalSection
	GlobalSection(ExtensibilityGlobals) = postSolution
		SolutionGuid = {85C44146-DB4C-4B9E-A602-0A94EB9BA371}
	EndGlobalSection
EndGlobal
